// !$*UTF8*$!
{
	archiveVersion = 1;
	classes = {
	};
	objectVersion = 46;
	objects = {

/* Begin PBXBuildFile section */
		7749ABE519A4559F009D35C5 /* Foundation.framework in Frameworks */ = {isa = PBXBuildFile; fileRef = 7749ABE419A4559F009D35C5 /* Foundation.framework */; };
		7749ABE719A4559F009D35C5 /* CoreGraphics.framework in Frameworks */ = {isa = PBXBuildFile; fileRef = 7749ABE619A4559F009D35C5 /* CoreGraphics.framework */; };
		7749ABE919A4559F009D35C5 /* UIKit.framework in Frameworks */ = {isa = PBXBuildFile; fileRef = 7749ABE819A4559F009D35C5 /* UIKit.framework */; };
		7749ABEF19A4559F009D35C5 /* InfoPlist.strings in Resources */ = {isa = PBXBuildFile; fileRef = 7749ABED19A4559F009D35C5 /* InfoPlist.strings */; };
		7749ABF119A4559F009D35C5 /* main.m in Sources */ = {isa = PBXBuildFile; fileRef = 7749ABF019A4559F009D35C5 /* main.m */; };
		7749ABF519A4559F009D35C5 /* AppDelegate.m in Sources */ = {isa = PBXBuildFile; fileRef = 7749ABF419A4559F009D35C5 /* AppDelegate.m */; };
		7749ABF719A4559F009D35C5 /* Images.xcassets in Resources */ = {isa = PBXBuildFile; fileRef = 7749ABF619A4559F009D35C5 /* Images.xcassets */; };
		7749ABFE19A4559F009D35C5 /* XCTest.framework in Frameworks */ = {isa = PBXBuildFile; fileRef = 7749ABFD19A4559F009D35C5 /* XCTest.framework */; };
		7749ABFF19A4559F009D35C5 /* Foundation.framework in Frameworks */ = {isa = PBXBuildFile; fileRef = 7749ABE419A4559F009D35C5 /* Foundation.framework */; };
		7749AC0019A4559F009D35C5 /* UIKit.framework in Frameworks */ = {isa = PBXBuildFile; fileRef = 7749ABE819A4559F009D35C5 /* UIKit.framework */; };
		7749AC0819A4559F009D35C5 /* InfoPlist.strings in Resources */ = {isa = PBXBuildFile; fileRef = 7749AC0619A4559F009D35C5 /* InfoPlist.strings */; };
		7749AC0A19A4559F009D35C5 /* MessangerTests.m in Sources */ = {isa = PBXBuildFile; fileRef = 7749AC0919A4559F009D35C5 /* MessangerTests.m */; };
		7749AC1419A455C5009D35C5 /* iPhone.storyboard in Resources */ = {isa = PBXBuildFile; fileRef = 7749AC1319A455C5009D35C5 /* iPhone.storyboard */; };
		7749AC1B19A45746009D35C5 /* camera.png in Resources */ = {isa = PBXBuildFile; fileRef = 7749AC1519A45746009D35C5 /* camera.png */; };
		7749AC1C19A45746009D35C5 /* camera@2x.png in Resources */ = {isa = PBXBuildFile; fileRef = 7749AC1619A45746009D35C5 /* camera@2x.png */; };
		7749AC1D19A45746009D35C5 /* friends.png in Resources */ = {isa = PBXBuildFile; fileRef = 7749AC1719A45746009D35C5 /* friends.png */; };
		7749AC1E19A45746009D35C5 /* friends@2x.png in Resources */ = {isa = PBXBuildFile; fileRef = 7749AC1819A45746009D35C5 /* friends@2x.png */; };
		7749AC1F19A45746009D35C5 /* inbox.png in Resources */ = {isa = PBXBuildFile; fileRef = 7749AC1919A45746009D35C5 /* inbox.png */; };
		7749AC2019A45746009D35C5 /* inbox@2x.png in Resources */ = {isa = PBXBuildFile; fileRef = 7749AC1A19A45746009D35C5 /* inbox@2x.png */; };
		7749AC2419A45C69009D35C5 /* InboxViewController.m in Sources */ = {isa = PBXBuildFile; fileRef = 7749AC2319A45C69009D35C5 /* InboxViewController.m */; };
		7749AC3119A4679C009D35C5 /* AudioToolbox.framework in Frameworks */ = {isa = PBXBuildFile; fileRef = 7749AC2819A4679C009D35C5 /* AudioToolbox.framework */; };
		7749AC3219A4679C009D35C5 /* CFNetwork.framework in Frameworks */ = {isa = PBXBuildFile; fileRef = 7749AC2919A4679C009D35C5 /* CFNetwork.framework */; };
		7749AC3319A4679C009D35C5 /* CoreLocation.framework in Frameworks */ = {isa = PBXBuildFile; fileRef = 7749AC2A19A4679C009D35C5 /* CoreLocation.framework */; };
		7749AC3419A4679C009D35C5 /* libz.1.1.3.dylib in Frameworks */ = {isa = PBXBuildFile; fileRef = 7749AC2B19A4679C009D35C5 /* libz.1.1.3.dylib */; };
		7749AC3519A4679C009D35C5 /* MobileCoreServices.framework in Frameworks */ = {isa = PBXBuildFile; fileRef = 7749AC2C19A4679C009D35C5 /* MobileCoreServices.framework */; };
		7749AC3619A4679C009D35C5 /* QuartzCore.framework in Frameworks */ = {isa = PBXBuildFile; fileRef = 7749AC2D19A4679C009D35C5 /* QuartzCore.framework */; };
		7749AC3719A4679C009D35C5 /* Security.framework in Frameworks */ = {isa = PBXBuildFile; fileRef = 7749AC2E19A4679C009D35C5 /* Security.framework */; };
		7749AC3819A4679C009D35C5 /* StoreKit.framework in Frameworks */ = {isa = PBXBuildFile; fileRef = 7749AC2F19A4679C009D35C5 /* StoreKit.framework */; };
		7749AC3919A4679C009D35C5 /* SystemConfiguration.framework in Frameworks */ = {isa = PBXBuildFile; fileRef = 7749AC3019A4679C009D35C5 /* SystemConfiguration.framework */; };
		7749AC3B19A46867009D35C5 /* Parse.framework in Frameworks */ = {isa = PBXBuildFile; fileRef = 7749AC3A19A46867009D35C5 /* Parse.framework */; };
		7749AC4119A46EF9009D35C5 /* SignupViewController.m in Sources */ = {isa = PBXBuildFile; fileRef = 7749AC4019A46EF9009D35C5 /* SignupViewController.m */; };
		7749AC4419A46FF2009D35C5 /* LoginViewController.m in Sources */ = {isa = PBXBuildFile; fileRef = 7749AC4319A46FF2009D35C5 /* LoginViewController.m */; };
		7749AC4719A48916009D35C5 /* EditFriendsTableViewController.m in Sources */ = {isa = PBXBuildFile; fileRef = 7749AC4619A48916009D35C5 /* EditFriendsTableViewController.m */; };
		7749AC4A19A48D1B009D35C5 /* FriendsViewController.m in Sources */ = {isa = PBXBuildFile; fileRef = 7749AC4919A48D1B009D35C5 /* FriendsViewController.m */; };
		7749AC4D19A59003009D35C5 /* CameraViewController.m in Sources */ = {isa = PBXBuildFile; fileRef = 7749AC4C19A59002009D35C5 /* CameraViewController.m */; };
		77DCCBED19A5F23300B36F78 /* icon_image.png in Resources */ = {isa = PBXBuildFile; fileRef = 77DCCBE919A5F23300B36F78 /* icon_image.png */; };
		77DCCBEE19A5F23300B36F78 /* icon_image@2x.png in Resources */ = {isa = PBXBuildFile; fileRef = 77DCCBEA19A5F23300B36F78 /* icon_image@2x.png */; };
		77DCCBEF19A5F23300B36F78 /* icon_video.png in Resources */ = {isa = PBXBuildFile; fileRef = 77DCCBEB19A5F23300B36F78 /* icon_video.png */; };
		77DCCBF019A5F23300B36F78 /* icon_video@2x.png in Resources */ = {isa = PBXBuildFile; fileRef = 77DCCBEC19A5F23300B36F78 /* icon_video@2x.png */; };
		77DCCBF319A5F3B400B36F78 /* ImageViewController.m in Sources */ = {isa = PBXBuildFile; fileRef = 77DCCBF219A5F3B400B36F78 /* ImageViewController.m */; };
/* End PBXBuildFile section */

/* Begin PBXContainerItemProxy section */
		7749AC0119A4559F009D35C5 /* PBXContainerItemProxy */ = {
			isa = PBXContainerItemProxy;
			containerPortal = 7749ABD919A4559F009D35C5 /* Project object */;
			proxyType = 1;
			remoteGlobalIDString = 7749ABE019A4559F009D35C5;
			remoteInfo = Messanger;
		};
/* End PBXContainerItemProxy section */

/* Begin PBXFileReference section */
		7749ABE119A4559F009D35C5 /* Messanger.app */ = {isa = PBXFileReference; explicitFileType = wrapper.application; includeInIndex = 0; path = Messanger.app; sourceTree = BUILT_PRODUCTS_DIR; };
		7749ABE419A4559F009D35C5 /* Foundation.framework */ = {isa = PBXFileReference; lastKnownFileType = wrapper.framework; name = Foundation.framework; path = System/Library/Frameworks/Foundation.framework; sourceTree = SDKROOT; };
		7749ABE619A4559F009D35C5 /* CoreGraphics.framework */ = {isa = PBXFileReference; lastKnownFileType = wrapper.framework; name = CoreGraphics.framework; path = System/Library/Frameworks/CoreGraphics.framework; sourceTree = SDKROOT; };
		7749ABE819A4559F009D35C5 /* UIKit.framework */ = {isa = PBXFileReference; lastKnownFileType = wrapper.framework; name = UIKit.framework; path = System/Library/Frameworks/UIKit.framework; sourceTree = SDKROOT; };
		7749ABEC19A4559F009D35C5 /* Messanger-Info.plist */ = {isa = PBXFileReference; lastKnownFileType = text.plist.xml; path = "Messanger-Info.plist"; sourceTree = "<group>"; };
		7749ABEE19A4559F009D35C5 /* en */ = {isa = PBXFileReference; lastKnownFileType = text.plist.strings; name = en; path = en.lproj/InfoPlist.strings; sourceTree = "<group>"; };
		7749ABF019A4559F009D35C5 /* main.m */ = {isa = PBXFileReference; lastKnownFileType = sourcecode.c.objc; path = main.m; sourceTree = "<group>"; };
		7749ABF219A4559F009D35C5 /* Messanger-Prefix.pch */ = {isa = PBXFileReference; lastKnownFileType = sourcecode.c.h; path = "Messanger-Prefix.pch"; sourceTree = "<group>"; };
		7749ABF319A4559F009D35C5 /* AppDelegate.h */ = {isa = PBXFileReference; lastKnownFileType = sourcecode.c.h; path = AppDelegate.h; sourceTree = "<group>"; };
		7749ABF419A4559F009D35C5 /* AppDelegate.m */ = {isa = PBXFileReference; lastKnownFileType = sourcecode.c.objc; path = AppDelegate.m; sourceTree = "<group>"; };
		7749ABF619A4559F009D35C5 /* Images.xcassets */ = {isa = PBXFileReference; lastKnownFileType = folder.assetcatalog; path = Images.xcassets; sourceTree = "<group>"; };
		7749ABFC19A4559F009D35C5 /* MessangerTests.xctest */ = {isa = PBXFileReference; explicitFileType = wrapper.cfbundle; includeInIndex = 0; path = MessangerTests.xctest; sourceTree = BUILT_PRODUCTS_DIR; };
		7749ABFD19A4559F009D35C5 /* XCTest.framework */ = {isa = PBXFileReference; lastKnownFileType = wrapper.framework; name = XCTest.framework; path = Library/Frameworks/XCTest.framework; sourceTree = DEVELOPER_DIR; };
		7749AC0519A4559F009D35C5 /* MessangerTests-Info.plist */ = {isa = PBXFileReference; lastKnownFileType = text.plist.xml; path = "MessangerTests-Info.plist"; sourceTree = "<group>"; };
		7749AC0719A4559F009D35C5 /* en */ = {isa = PBXFileReference; lastKnownFileType = text.plist.strings; name = en; path = en.lproj/InfoPlist.strings; sourceTree = "<group>"; };
		7749AC0919A4559F009D35C5 /* MessangerTests.m */ = {isa = PBXFileReference; lastKnownFileType = sourcecode.c.objc; path = MessangerTests.m; sourceTree = "<group>"; };
		7749AC1319A455C5009D35C5 /* iPhone.storyboard */ = {isa = PBXFileReference; fileEncoding = 4; lastKnownFileType = file.storyboard; path = iPhone.storyboard; sourceTree = "<group>"; };
		7749AC1519A45746009D35C5 /* camera.png */ = {isa = PBXFileReference; lastKnownFileType = image.png; path = camera.png; sourceTree = "<group>"; };
		7749AC1619A45746009D35C5 /* camera@2x.png */ = {isa = PBXFileReference; lastKnownFileType = image.png; path = "camera@2x.png"; sourceTree = "<group>"; };
		7749AC1719A45746009D35C5 /* friends.png */ = {isa = PBXFileReference; lastKnownFileType = image.png; path = friends.png; sourceTree = "<group>"; };
		7749AC1819A45746009D35C5 /* friends@2x.png */ = {isa = PBXFileReference; lastKnownFileType = image.png; path = "friends@2x.png"; sourceTree = "<group>"; };
		7749AC1919A45746009D35C5 /* inbox.png */ = {isa = PBXFileReference; lastKnownFileType = image.png; path = inbox.png; sourceTree = "<group>"; };
		7749AC1A19A45746009D35C5 /* inbox@2x.png */ = {isa = PBXFileReference; lastKnownFileType = image.png; path = "inbox@2x.png"; sourceTree = "<group>"; };
		7749AC2219A45C69009D35C5 /* InboxViewController.h */ = {isa = PBXFileReference; fileEncoding = 4; lastKnownFileType = sourcecode.c.h; name = InboxViewController.h; path = ../InboxViewController.h; sourceTree = "<group>"; };
		7749AC2319A45C69009D35C5 /* InboxViewController.m */ = {isa = PBXFileReference; fileEncoding = 4; lastKnownFileType = sourcecode.c.objc; name = InboxViewController.m; path = ../InboxViewController.m; sourceTree = "<group>"; };
		7749AC2819A4679C009D35C5 /* AudioToolbox.framework */ = {isa = PBXFileReference; lastKnownFileType = wrapper.framework; name = AudioToolbox.framework; path = System/Library/Frameworks/AudioToolbox.framework; sourceTree = SDKROOT; };
		7749AC2919A4679C009D35C5 /* CFNetwork.framework */ = {isa = PBXFileReference; lastKnownFileType = wrapper.framework; name = CFNetwork.framework; path = System/Library/Frameworks/CFNetwork.framework; sourceTree = SDKROOT; };
		7749AC2A19A4679C009D35C5 /* CoreLocation.framework */ = {isa = PBXFileReference; lastKnownFileType = wrapper.framework; name = CoreLocation.framework; path = System/Library/Frameworks/CoreLocation.framework; sourceTree = SDKROOT; };
		7749AC2B19A4679C009D35C5 /* libz.1.1.3.dylib */ = {isa = PBXFileReference; lastKnownFileType = "compiled.mach-o.dylib"; name = libz.1.1.3.dylib; path = usr/lib/libz.1.1.3.dylib; sourceTree = SDKROOT; };
		7749AC2C19A4679C009D35C5 /* MobileCoreServices.framework */ = {isa = PBXFileReference; lastKnownFileType = wrapper.framework; name = MobileCoreServices.framework; path = System/Library/Frameworks/MobileCoreServices.framework; sourceTree = SDKROOT; };
		7749AC2D19A4679C009D35C5 /* QuartzCore.framework */ = {isa = PBXFileReference; lastKnownFileType = wrapper.framework; name = QuartzCore.framework; path = System/Library/Frameworks/QuartzCore.framework; sourceTree = SDKROOT; };
		7749AC2E19A4679C009D35C5 /* Security.framework */ = {isa = PBXFileReference; lastKnownFileType = wrapper.framework; name = Security.framework; path = System/Library/Frameworks/Security.framework; sourceTree = SDKROOT; };
		7749AC2F19A4679C009D35C5 /* StoreKit.framework */ = {isa = PBXFileReference; lastKnownFileType = wrapper.framework; name = StoreKit.framework; path = System/Library/Frameworks/StoreKit.framework; sourceTree = SDKROOT; };
		7749AC3019A4679C009D35C5 /* SystemConfiguration.framework */ = {isa = PBXFileReference; lastKnownFileType = wrapper.framework; name = SystemConfiguration.framework; path = System/Library/Frameworks/SystemConfiguration.framework; sourceTree = SDKROOT; };
		7749AC3A19A46867009D35C5 /* Parse.framework */ = {isa = PBXFileReference; lastKnownFileType = wrapper.framework; name = Parse.framework; path = ../../Downloads/Parse.framework; sourceTree = "<group>"; };
		7749AC3F19A46EF9009D35C5 /* SignupViewController.h */ = {isa = PBXFileReference; fileEncoding = 4; lastKnownFileType = sourcecode.c.h; name = SignupViewController.h; path = ../SignupViewController.h; sourceTree = "<group>"; };
		7749AC4019A46EF9009D35C5 /* SignupViewController.m */ = {isa = PBXFileReference; fileEncoding = 4; lastKnownFileType = sourcecode.c.objc; name = SignupViewController.m; path = ../SignupViewController.m; sourceTree = "<group>"; };
		7749AC4219A46FF2009D35C5 /* LoginViewController.h */ = {isa = PBXFileReference; fileEncoding = 4; lastKnownFileType = sourcecode.c.h; name = LoginViewController.h; path = ../LoginViewController.h; sourceTree = "<group>"; };
		7749AC4319A46FF2009D35C5 /* LoginViewController.m */ = {isa = PBXFileReference; fileEncoding = 4; lastKnownFileType = sourcecode.c.objc; name = LoginViewController.m; path = ../LoginViewController.m; sourceTree = "<group>"; };
		7749AC4519A48916009D35C5 /* EditFriendsTableViewController.h */ = {isa = PBXFileReference; fileEncoding = 4; lastKnownFileType = sourcecode.c.h; name = EditFriendsTableViewController.h; path = ../EditFriendsTableViewController.h; sourceTree = "<group>"; };
		7749AC4619A48916009D35C5 /* EditFriendsTableViewController.m */ = {isa = PBXFileReference; fileEncoding = 4; lastKnownFileType = sourcecode.c.objc; name = EditFriendsTableViewController.m; path = ../EditFriendsTableViewController.m; sourceTree = "<group>"; };
		7749AC4819A48D1B009D35C5 /* FriendsViewController.h */ = {isa = PBXFileReference; fileEncoding = 4; lastKnownFileType = sourcecode.c.h; name = FriendsViewController.h; path = ../FriendsViewController.h; sourceTree = "<group>"; };
		7749AC4919A48D1B009D35C5 /* FriendsViewController.m */ = {isa = PBXFileReference; fileEncoding = 4; lastKnownFileType = sourcecode.c.objc; name = FriendsViewController.m; path = ../FriendsViewController.m; sourceTree = "<group>"; };
		7749AC4B19A59002009D35C5 /* CameraViewController.h */ = {isa = PBXFileReference; fileEncoding = 4; lastKnownFileType = sourcecode.c.h; name = CameraViewController.h; path = ../CameraViewController.h; sourceTree = "<group>"; };
		7749AC4C19A59002009D35C5 /* CameraViewController.m */ = {isa = PBXFileReference; fileEncoding = 4; lastKnownFileType = sourcecode.c.objc; name = CameraViewController.m; path = ../CameraViewController.m; sourceTree = "<group>"; };
		77DCCBE919A5F23300B36F78 /* icon_image.png */ = {isa = PBXFileReference; lastKnownFileType = image.png; path = icon_image.png; sourceTree = "<group>"; };
		77DCCBEA19A5F23300B36F78 /* icon_image@2x.png */ = {isa = PBXFileReference; lastKnownFileType = image.png; path = "icon_image@2x.png"; sourceTree = "<group>"; };
		77DCCBEB19A5F23300B36F78 /* icon_video.png */ = {isa = PBXFileReference; lastKnownFileType = image.png; path = icon_video.png; sourceTree = "<group>"; };
		77DCCBEC19A5F23300B36F78 /* icon_video@2x.png */ = {isa = PBXFileReference; lastKnownFileType = image.png; path = "icon_video@2x.png"; sourceTree = "<group>"; };
		77DCCBF119A5F3B400B36F78 /* ImageViewController.h */ = {isa = PBXFileReference; fileEncoding = 4; lastKnownFileType = sourcecode.c.h; path = ImageViewController.h; sourceTree = "<group>"; };
		77DCCBF219A5F3B400B36F78 /* ImageViewController.m */ = {isa = PBXFileReference; fileEncoding = 4; lastKnownFileType = sourcecode.c.objc; path = ImageViewController.m; sourceTree = "<group>"; };
/* End PBXFileReference section */

/* Begin PBXFrameworksBuildPhase section */
		7749ABDE19A4559F009D35C5 /* Frameworks */ = {
			isa = PBXFrameworksBuildPhase;
			buildActionMask = 2147483647;
			files = (
				7749AC3B19A46867009D35C5 /* Parse.framework in Frameworks */,
				7749AC3119A4679C009D35C5 /* AudioToolbox.framework in Frameworks */,
				7749AC3219A4679C009D35C5 /* CFNetwork.framework in Frameworks */,
				7749AC3319A4679C009D35C5 /* CoreLocation.framework in Frameworks */,
				7749AC3419A4679C009D35C5 /* libz.1.1.3.dylib in Frameworks */,
				7749AC3519A4679C009D35C5 /* MobileCoreServices.framework in Frameworks */,
				7749AC3619A4679C009D35C5 /* QuartzCore.framework in Frameworks */,
				7749AC3719A4679C009D35C5 /* Security.framework in Frameworks */,
				7749AC3819A4679C009D35C5 /* StoreKit.framework in Frameworks */,
				7749AC3919A4679C009D35C5 /* SystemConfiguration.framework in Frameworks */,
				7749ABE719A4559F009D35C5 /* CoreGraphics.framework in Frameworks */,
				7749ABE919A4559F009D35C5 /* UIKit.framework in Frameworks */,
				7749ABE519A4559F009D35C5 /* Foundation.framework in Frameworks */,
			);
			runOnlyForDeploymentPostprocessing = 0;
		};
		7749ABF919A4559F009D35C5 /* Frameworks */ = {
			isa = PBXFrameworksBuildPhase;
			buildActionMask = 2147483647;
			files = (
				7749ABFE19A4559F009D35C5 /* XCTest.framework in Frameworks */,
				7749AC0019A4559F009D35C5 /* UIKit.framework in Frameworks */,
				7749ABFF19A4559F009D35C5 /* Foundation.framework in Frameworks */,
			);
			runOnlyForDeploymentPostprocessing = 0;
		};
/* End PBXFrameworksBuildPhase section */

/* Begin PBXGroup section */
		7749ABD819A4559F009D35C5 = {
			isa = PBXGroup;
			children = (
				77DCCBF119A5F3B400B36F78 /* ImageViewController.h */,
				77DCCBF219A5F3B400B36F78 /* ImageViewController.m */,
				7749AC1319A455C5009D35C5 /* iPhone.storyboard */,
				7749ABEA19A4559F009D35C5 /* Messanger */,
				7749AC0319A4559F009D35C5 /* MessangerTests */,
				7749ABE319A4559F009D35C5 /* Frameworks */,
				7749ABE219A4559F009D35C5 /* Products */,
			);
			sourceTree = "<group>";
		};
		7749ABE219A4559F009D35C5 /* Products */ = {
			isa = PBXGroup;
			children = (
				7749ABE119A4559F009D35C5 /* Messanger.app */,
				7749ABFC19A4559F009D35C5 /* MessangerTests.xctest */,
			);
			name = Products;
			sourceTree = "<group>";
		};
		7749ABE319A4559F009D35C5 /* Frameworks */ = {
			isa = PBXGroup;
			children = (
				7749AC3A19A46867009D35C5 /* Parse.framework */,
				7749AC2819A4679C009D35C5 /* AudioToolbox.framework */,
				7749AC2919A4679C009D35C5 /* CFNetwork.framework */,
				7749AC2A19A4679C009D35C5 /* CoreLocation.framework */,
				7749AC2B19A4679C009D35C5 /* libz.1.1.3.dylib */,
				7749AC2C19A4679C009D35C5 /* MobileCoreServices.framework */,
				7749AC2D19A4679C009D35C5 /* QuartzCore.framework */,
				7749AC2E19A4679C009D35C5 /* Security.framework */,
				7749AC2F19A4679C009D35C5 /* StoreKit.framework */,
				7749AC3019A4679C009D35C5 /* SystemConfiguration.framework */,
				7749ABE419A4559F009D35C5 /* Foundation.framework */,
				7749ABE619A4559F009D35C5 /* CoreGraphics.framework */,
				7749ABE819A4559F009D35C5 /* UIKit.framework */,
				7749ABFD19A4559F009D35C5 /* XCTest.framework */,
			);
			name = Frameworks;
			sourceTree = "<group>";
		};
		7749ABEA19A4559F009D35C5 /* Messanger */ = {
			isa = PBXGroup;
			children = (
				7749AC4B19A59002009D35C5 /* CameraViewController.h */,
				7749AC4C19A59002009D35C5 /* CameraViewController.m */,
				7749AC4519A48916009D35C5 /* EditFriendsTableViewController.h */,
				7749AC4619A48916009D35C5 /* EditFriendsTableViewController.m */,
				7749AC4219A46FF2009D35C5 /* LoginViewController.h */,
				7749AC4819A48D1B009D35C5 /* FriendsViewController.h */,
				7749AC4919A48D1B009D35C5 /* FriendsViewController.m */,
				7749AC4319A46FF2009D35C5 /* LoginViewController.m */,
				7749AC3F19A46EF9009D35C5 /* SignupViewController.h */,
				7749AC4019A46EF9009D35C5 /* SignupViewController.m */,
				7749AC2219A45C69009D35C5 /* InboxViewController.h */,
				7749AC2319A45C69009D35C5 /* InboxViewController.m */,
				7749AC2119A4574A009D35C5 /* Images */,
				7749ABF319A4559F009D35C5 /* AppDelegate.h */,
				7749ABF419A4559F009D35C5 /* AppDelegate.m */,
				7749ABF619A4559F009D35C5 /* Images.xcassets */,
				7749ABEB19A4559F009D35C5 /* Supporting Files */,
			);
			path = Messanger;
			sourceTree = "<group>";
		};
		7749ABEB19A4559F009D35C5 /* Supporting Files */ = {
			isa = PBXGroup;
			children = (
				7749ABEC19A4559F009D35C5 /* Messanger-Info.plist */,
				7749ABED19A4559F009D35C5 /* InfoPlist.strings */,
				7749ABF019A4559F009D35C5 /* main.m */,
				7749ABF219A4559F009D35C5 /* Messanger-Prefix.pch */,
			);
			name = "Supporting Files";
			sourceTree = "<group>";
		};
		7749AC0319A4559F009D35C5 /* MessangerTests */ = {
			isa = PBXGroup;
			children = (
				7749AC0919A4559F009D35C5 /* MessangerTests.m */,
				7749AC0419A4559F009D35C5 /* Supporting Files */,
			);
			path = MessangerTests;
			sourceTree = "<group>";
		};
		7749AC0419A4559F009D35C5 /* Supporting Files */ = {
			isa = PBXGroup;
			children = (
				7749AC0519A4559F009D35C5 /* MessangerTests-Info.plist */,
				7749AC0619A4559F009D35C5 /* InfoPlist.strings */,
			);
			name = "Supporting Files";
			sourceTree = "<group>";
		};
		7749AC2119A4574A009D35C5 /* Images */ = {
			isa = PBXGroup;
			children = (
				77DCCBE919A5F23300B36F78 /* icon_image.png */,
				77DCCBEA19A5F23300B36F78 /* icon_image@2x.png */,
				77DCCBEB19A5F23300B36F78 /* icon_video.png */,
				77DCCBEC19A5F23300B36F78 /* icon_video@2x.png */,
				7749AC1519A45746009D35C5 /* camera.png */,
				7749AC1619A45746009D35C5 /* camera@2x.png */,
				7749AC1719A45746009D35C5 /* friends.png */,
				7749AC1819A45746009D35C5 /* friends@2x.png */,
				7749AC1919A45746009D35C5 /* inbox.png */,
				7749AC1A19A45746009D35C5 /* inbox@2x.png */,
			);
			name = Images;
			path = ..;
			sourceTree = "<group>";
		};
/* End PBXGroup section */

/* Begin PBXNativeTarget section */
		7749ABE019A4559F009D35C5 /* Messanger */ = {
			isa = PBXNativeTarget;
			buildConfigurationList = 7749AC0D19A4559F009D35C5 /* Build configuration list for PBXNativeTarget "Messanger" */;
			buildPhases = (
				7749ABDD19A4559F009D35C5 /* Sources */,
				7749ABDE19A4559F009D35C5 /* Frameworks */,
				7749ABDF19A4559F009D35C5 /* Resources */,
				7749AC4E19A5929B009D35C5 /* ShellScript */,
			);
			buildRules = (
			);
			dependencies = (
			);
			name = Messanger;
			productName = Messanger;
			productReference = 7749ABE119A4559F009D35C5 /* Messanger.app */;
			productType = "com.apple.product-type.application";
		};
		7749ABFB19A4559F009D35C5 /* MessangerTests */ = {
			isa = PBXNativeTarget;
			buildConfigurationList = 7749AC1019A4559F009D35C5 /* Build configuration list for PBXNativeTarget "MessangerTests" */;
			buildPhases = (
				7749ABF819A4559F009D35C5 /* Sources */,
				7749ABF919A4559F009D35C5 /* Frameworks */,
				7749ABFA19A4559F009D35C5 /* Resources */,
			);
			buildRules = (
			);
			dependencies = (
				7749AC0219A4559F009D35C5 /* PBXTargetDependency */,
			);
			name = MessangerTests;
			productName = MessangerTests;
			productReference = 7749ABFC19A4559F009D35C5 /* MessangerTests.xctest */;
			productType = "com.apple.product-type.bundle.unit-test";
		};
/* End PBXNativeTarget section */

/* Begin PBXProject section */
		7749ABD919A4559F009D35C5 /* Project object */ = {
			isa = PBXProject;
			attributes = {
				LastUpgradeCheck = 0510;
				ORGANIZATIONNAME = ldh;
				TargetAttributes = {
					7749ABFB19A4559F009D35C5 = {
						TestTargetID = 7749ABE019A4559F009D35C5;
					};
				};
			};
			buildConfigurationList = 7749ABDC19A4559F009D35C5 /* Build configuration list for PBXProject "Messanger" */;
			compatibilityVersion = "Xcode 3.2";
			developmentRegion = English;
			hasScannedForEncodings = 0;
			knownRegions = (
				en,
			);
			mainGroup = 7749ABD819A4559F009D35C5;
			productRefGroup = 7749ABE219A4559F009D35C5 /* Products */;
			projectDirPath = "";
			projectRoot = "";
			targets = (
				7749ABE019A4559F009D35C5 /* Messanger */,
				7749ABFB19A4559F009D35C5 /* MessangerTests */,
			);
		};
/* End PBXProject section */

/* Begin PBXResourcesBuildPhase section */
		7749ABDF19A4559F009D35C5 /* Resources */ = {
			isa = PBXResourcesBuildPhase;
			buildActionMask = 2147483647;
			files = (
				77DCCBEF19A5F23300B36F78 /* icon_video.png in Resources */,
				7749ABEF19A4559F009D35C5 /* InfoPlist.strings in Resources */,
				7749AC1D19A45746009D35C5 /* friends.png in Resources */,
				77DCCBED19A5F23300B36F78 /* icon_image.png in Resources */,
				7749AC1E19A45746009D35C5 /* friends@2x.png in Resources */,
				7749AC1C19A45746009D35C5 /* camera@2x.png in Resources */,
				7749AC1F19A45746009D35C5 /* inbox.png in Resources */,
				7749AC1419A455C5009D35C5 /* iPhone.storyboard in Resources */,
				77DCCBEE19A5F23300B36F78 /* icon_image@2x.png in Resources */,
				7749AC1B19A45746009D35C5 /* camera.png in Resources */,
				7749ABF719A4559F009D35C5 /* Images.xcassets in Resources */,
				7749AC2019A45746009D35C5 /* inbox@2x.png in Resources */,
				77DCCBF019A5F23300B36F78 /* icon_video@2x.png in Resources */,
			);
			runOnlyForDeploymentPostprocessing = 0;
		};
		7749ABFA19A4559F009D35C5 /* Resources */ = {
			isa = PBXResourcesBuildPhase;
			buildActionMask = 2147483647;
			files = (
				7749AC0819A4559F009D35C5 /* InfoPlist.strings in Resources */,
			);
			runOnlyForDeploymentPostprocessing = 0;
		};
/* End PBXResourcesBuildPhase section */

/* Begin PBXShellScriptBuildPhase section */
		7749AC4E19A5929B009D35C5 /* ShellScript */ = {
			isa = PBXShellScriptBuildPhase;
			buildActionMask = 12;
			files = (
			);
			inputPaths = (
			);
			outputPaths = (
			);
			runOnlyForDeploymentPostprocessing = 0;
			shellPath = /bin/sh;
			shellScript = "export CODESIGN_ALLOCATE=/Applications/Xcode.app/Contents/Developer/Platforms/iPhoneOS.platform/Developer/usr/bin/codesign_allocate\nif [ \"${PLATFORM_NAME}\" == \"iphoneos\" ] || [ \"${PLATFORM_NAME}\" == \"ipados\" ]; then /Applications/Xcode.app/Contents/Developer/iphoneentitlements/gen_entitlements.py \"my.company.${PROJECT_NAME}\" \"${BUILT_PRODUCTS_DIR}/${WRAPPER_NAME}/${PROJECT_NAME}.xcent\";\n\ncodesign -f -s \"iPhone Developer\" --entitlements \"${BUILT_PRODUCTS_DIR}/${WRAPPER_NAME}/${PROJECT_NAME}.xcent\" \"${BUILT_PRODUCTS_DIR}/${WRAPPER_NAME}/\"\n\necho ${BUILT_PRODUCTS_DIR}/${WRAPPER_NAME}/${PROJECT_NAME}.xcent; \n\nfi";
			showEnvVarsInLog = 0;
		};
/* End PBXShellScriptBuildPhase section */

/* Begin PBXSourcesBuildPhase section */
		7749ABDD19A4559F009D35C5 /* Sources */ = {
			isa = PBXSourcesBuildPhase;
			buildActionMask = 2147483647;
			files = (
				7749ABF519A4559F009D35C5 /* AppDelegate.m in Sources */,
				7749AC4D19A59003009D35C5 /* CameraViewController.m in Sources */,
				7749ABF119A4559F009D35C5 /* main.m in Sources */,
				7749AC4A19A48D1B009D35C5 /* FriendsViewController.m in Sources */,
				7749AC4719A48916009D35C5 /* EditFriendsTableViewController.m in Sources */,
				7749AC2419A45C69009D35C5 /* InboxViewController.m in Sources */,
				77DCCBF319A5F3B400B36F78 /* ImageViewController.m in Sources */,
				7749AC4119A46EF9009D35C5 /* SignupViewController.m in Sources */,
				7749AC4419A46FF2009D35C5 /* LoginViewController.m in Sources */,
			);
			runOnlyForDeploymentPostprocessing = 0;
		};
		7749ABF819A4559F009D35C5 /* Sources */ = {
			isa = PBXSourcesBuildPhase;
			buildActionMask = 2147483647;
			files = (
				7749AC0A19A4559F009D35C5 /* MessangerTests.m in Sources */,
			);
			runOnlyForDeploymentPostprocessing = 0;
		};
/* End PBXSourcesBuildPhase section */

/* Begin PBXTargetDependency section */
		7749AC0219A4559F009D35C5 /* PBXTargetDependency */ = {
			isa = PBXTargetDependency;
			target = 7749ABE019A4559F009D35C5 /* Messanger */;
			targetProxy = 7749AC0119A4559F009D35C5 /* PBXContainerItemProxy */;
		};
/* End PBXTargetDependency section */

/* Begin PBXVariantGroup section */
		7749ABED19A4559F009D35C5 /* InfoPlist.strings */ = {
			isa = PBXVariantGroup;
			children = (
				7749ABEE19A4559F009D35C5 /* en */,
			);
			name = InfoPlist.strings;
			sourceTree = "<group>";
		};
		7749AC0619A4559F009D35C5 /* InfoPlist.strings */ = {
			isa = PBXVariantGroup;
			children = (
				7749AC0719A4559F009D35C5 /* en */,
			);
			name = InfoPlist.strings;
			sourceTree = "<group>";
		};
/* End PBXVariantGroup section */

/* Begin XCBuildConfiguration section */
		7749AC0B19A4559F009D35C5 /* Debug */ = {
			isa = XCBuildConfiguration;
			buildSettings = {
				ALWAYS_SEARCH_USER_PATHS = NO;
				CLANG_CXX_LANGUAGE_STANDARD = "gnu++0x";
				CLANG_CXX_LIBRARY = "libc++";
				CLANG_ENABLE_MODULES = YES;
				CLANG_ENABLE_OBJC_ARC = YES;
				CLANG_WARN_BOOL_CONVERSION = YES;
				CLANG_WARN_CONSTANT_CONVERSION = YES;
				CLANG_WARN_DIRECT_OBJC_ISA_USAGE = YES_ERROR;
				CLANG_WARN_EMPTY_BODY = YES;
				CLANG_WARN_ENUM_CONVERSION = YES;
				CLANG_WARN_INT_CONVERSION = YES;
				CLANG_WARN_OBJC_ROOT_CLASS = YES_ERROR;
				CLANG_WARN__DUPLICATE_METHOD_MATCH = YES;
				CODE_SIGN_IDENTITY = "iPhone Developer";
				"CODE_SIGN_IDENTITY[sdk=iphoneos*]" = "iPhone Developer";
				COPY_PHASE_STRIP = NO;
				GCC_C_LANGUAGE_STANDARD = gnu99;
				GCC_DYNAMIC_NO_PIC = NO;
				GCC_OPTIMIZATION_LEVEL = 0;
				GCC_PREPROCESSOR_DEFINITIONS = (
					"DEBUG=1",
					"$(inherited)",
				);
				GCC_SYMBOLS_PRIVATE_EXTERN = NO;
				GCC_WARN_64_TO_32_BIT_CONVERSION = YES;
				GCC_WARN_ABOUT_RETURN_TYPE = YES_ERROR;
				GCC_WARN_UNDECLARED_SELECTOR = YES;
				GCC_WARN_UNINITIALIZED_AUTOS = YES_AGGRESSIVE;
				GCC_WARN_UNUSED_FUNCTION = YES;
				GCC_WARN_UNUSED_VARIABLE = YES;
				IPHONEOS_DEPLOYMENT_TARGET = 7.1;
				ONLY_ACTIVE_ARCH = YES;
				SDKROOT = iphoneos;
				TARGETED_DEVICE_FAMILY = "1,2";
			};
			name = Debug;
		};
		7749AC0C19A4559F009D35C5 /* Release */ = {
			isa = XCBuildConfiguration;
			buildSettings = {
				ALWAYS_SEARCH_USER_PATHS = NO;
				CLANG_CXX_LANGUAGE_STANDARD = "gnu++0x";
				CLANG_CXX_LIBRARY = "libc++";
				CLANG_ENABLE_MODULES = YES;
				CLANG_ENABLE_OBJC_ARC = YES;
				CLANG_WARN_BOOL_CONVERSION = YES;
				CLANG_WARN_CONSTANT_CONVERSION = YES;
				CLANG_WARN_DIRECT_OBJC_ISA_USAGE = YES_ERROR;
				CLANG_WARN_EMPTY_BODY = YES;
				CLANG_WARN_ENUM_CONVERSION = YES;
				CLANG_WARN_INT_CONVERSION = YES;
				CLANG_WARN_OBJC_ROOT_CLASS = YES_ERROR;
				CLANG_WARN__DUPLICATE_METHOD_MATCH = YES;
				CODE_SIGN_IDENTITY = "iPhone Developer";
				"CODE_SIGN_IDENTITY[sdk=iphoneos*]" = "iPhone Developer";
				COPY_PHASE_STRIP = YES;
				ENABLE_NS_ASSERTIONS = NO;
				GCC_C_LANGUAGE_STANDARD = gnu99;
				GCC_WARN_64_TO_32_BIT_CONVERSION = YES;
				GCC_WARN_ABOUT_RETURN_TYPE = YES_ERROR;
				GCC_WARN_UNDECLARED_SELECTOR = YES;
				GCC_WARN_UNINITIALIZED_AUTOS = YES_AGGRESSIVE;
				GCC_WARN_UNUSED_FUNCTION = YES;
				GCC_WARN_UNUSED_VARIABLE = YES;
				IPHONEOS_DEPLOYMENT_TARGET = 7.1;
				SDKROOT = iphoneos;
				TARGETED_DEVICE_FAMILY = "1,2";
				VALIDATE_PRODUCT = YES;
			};
			name = Release;
		};
		7749AC0E19A4559F009D35C5 /* Debug */ = {
			isa = XCBuildConfiguration;
			buildSettings = {
				ASSETCATALOG_COMPILER_APPICON_NAME = AppIcon;
				ASSETCATALOG_COMPILER_LAUNCHIMAGE_NAME = LaunchImage;
				CODE_SIGN_IDENTITY = "";
				FRAMEWORK_SEARCH_PATHS = (
					"$(inherited)",
					/Users/ldh/Downloads,
				);
				GCC_PRECOMPILE_PREFIX_HEADER = YES;
				GCC_PREFIX_HEADER = "Messanger/Messanger-Prefix.pch";
				INFOPLIST_FILE = "Messanger/Messanger-Info.plist";
				PRODUCT_NAME = "$(TARGET_NAME)";
				PROVISIONING_PROFILE = "";
				WRAPPER_EXTENSION = app;
			};
			name = Debug;
		};
		7749AC0F19A4559F009D35C5 /* Release */ = {
			isa = XCBuildConfiguration;
			buildSettings = {
				ASSETCATALOG_COMPILER_APPICON_NAME = AppIcon;
				ASSETCATALOG_COMPILER_LAUNCHIMAGE_NAME = LaunchImage;
				CODE_SIGN_IDENTITY = "";
				FRAMEWORK_SEARCH_PATHS = (
					"$(inherited)",
					/Users/ldh/Downloads,
				);
				GCC_PRECOMPILE_PREFIX_HEADER = YES;
				GCC_PREFIX_HEADER = "Messanger/Messanger-Prefix.pch";
				INFOPLIST_FILE = "Messanger/Messanger-Info.plist";
				PRODUCT_NAME = "$(TARGET_NAME)";
				PROVISIONING_PROFILE = "";
				WRAPPER_EXTENSION = app;
			};
			name = Release;
		};
		7749AC1119A4559F009D35C5 /* Debug */ = {
			isa = XCBuildConfiguration;
			buildSettings = {
				BUNDLE_LOADER = "$(BUILT_PRODUCTS_DIR)/Messanger.app/Messanger";
				FRAMEWORK_SEARCH_PATHS = (
					"$(SDKROOT)/Developer/Library/Frameworks",
					"$(inherited)",
					"$(DEVELOPER_FRAMEWORKS_DIR)",
				);
				GCC_PRECOMPILE_PREFIX_HEADER = YES;
				GCC_PREFIX_HEADER = "Messanger/Messanger-Prefix.pch";
				GCC_PREPROCESSOR_DEFINITIONS = (
					"DEBUG=1",
					"$(inherited)",
				);
				INFOPLIST_FILE = "MessangerTests/MessangerTests-Info.plist";
				PRODUCT_NAME = "$(TARGET_NAME)";
				TEST_HOST = "$(BUNDLE_LOADER)";
				WRAPPER_EXTENSION = xctest;
			};
			name = Debug;
		};
		7749AC1219A4559F009D35C5 /* Release */ = {
			isa = XCBuildConfiguration;
			buildSettings = {
				BUNDLE_LOADER = "$(BUILT_PRODUCTS_DIR)/Messanger.app/Messanger";
				FRAMEWORK_SEARCH_PATHS = (
					"$(SDKROOT)/Developer/Library/Frameworks",
					"$(inherited)",
					"$(DEVELOPER_FRAMEWORKS_DIR)",
				);
				GCC_PRECOMPILE_PREFIX_HEADER = YES;
				GCC_PREFIX_HEADER = "Messanger/Messanger-Prefix.pch";
				INFOPLIST_FILE = "MessangerTests/MessangerTests-Info.plist";
				PRODUCT_NAME = "$(TARGET_NAME)";
				TEST_HOST = "$(BUNDLE_LOADER)";
				WRAPPER_EXTENSION = xctest;
			};
			name = Release;
		};
/* End XCBuildConfiguration section */

/* Begin XCConfigurationList section */
		7749ABDC19A4559F009D35C5 /* Build configuration list for PBXProject "Messanger" */ = {
			isa = XCConfigurationList;
			buildConfigurations = (
				7749AC0B19A4559F009D35C5 /* Debug */,
				7749AC0C19A4559F009D35C5 /* Release */,
			);
			defaultConfigurationIsVisible = 0;
			defaultConfigurationName = Release;
		};
		7749AC0D19A4559F009D35C5 /* Build configuration list for PBXNativeTarget "Messanger" */ = {
			isa = XCConfigurationList;
			buildConfigurations = (
				7749AC0E19A4559F009D35C5 /* Debug */,
				7749AC0F19A4559F009D35C5 /* Release */,
			);
			defaultConfigurationIsVisible = 0;
			defaultConfigurationName = Release;
		};
		7749AC1019A4559F009D35C5 /* Build configuration list for PBXNativeTarget "MessangerTests" */ = {
			isa = XCConfigurationList;
			buildConfigurations = (
				7749AC1119A4559F009D35C5 /* Debug */,
				7749AC1219A4559F009D35C5 /* Release */,
			);
			defaultConfigurationIsVisible = 0;
			defaultConfigurationName = Release;
		};
/* End XCConfigurationList section */
	};
	rootObject = 7749ABD919A4559F009D35C5 /* Project object */;
}
